
Microsoft Visual Studio Solution File, Format Version 12.00
# Visual Studio Version 17
VisualStudioVersion = 17.0.31903.59
MinimumVisualStudioVersion = 10.0.40219.1
Project("{FAE04EC0-301F-11D3-BF4B-00C04F79EFBC}") = "OrdersService.Domain", "OrdersService.Domain\OrdersService.Domain.csproj", "{6DE87881-C630-4E36-BC09-C8C94DE6C2DE}"
EndProject
Project("{FAE04EC0-301F-11D3-BF4B-00C04F79EFBC}") = "OrdersService.Application", "OrdersService.Application\OrdersService.Application.csproj", "{DB1C5CE3-845B-4F3C-B630-97766B4DE774}"
EndProject
Project("{FAE04EC0-301F-11D3-BF4B-00C04F79EFBC}") = "OrdersService.Infrastructure", "OrdersService.Infrastructure\OrdersService.Infrastructure.csproj", "{0D897E4A-BAFA-4AE8-A898-C03546F22A5E}"
EndProject
Project("{FAE04EC0-301F-11D3-BF4B-00C04F79EFBC}") = "OrdersService.API", "OrdersService.API\OrdersService.API.csproj", "{C1900C53-E360-434F-BA87-D8E48A1781F9}"
EndProject
Global
	GlobalSection(SolutionConfigurationPlatforms) = preSolution
		Debug|Any CPU = Debug|Any CPU
		Debug|x64 = Debug|x64
		Debug|x86 = Debug|x86
		Release|Any CPU = Release|Any CPU
		Release|x64 = Release|x64
		Release|x86 = Release|x86
	EndGlobalSection
	GlobalSection(ProjectConfigurationPlatforms) = postSolution
		{6DE87881-C630-4E36-BC09-C8C94DE6C2DE}.Debug|Any CPU.ActiveCfg = Debug|Any CPU
		{6DE87881-C630-4E36-BC09-C8C94DE6C2DE}.Debug|Any CPU.Build.0 = Debug|Any CPU
		{6DE87881-C630-4E36-BC09-C8C94DE6C2DE}.Debug|x64.ActiveCfg = Debug|Any CPU
		{6DE87881-C630-4E36-BC09-C8C94DE6C2DE}.Debug|x64.Build.0 = Debug|Any CPU
		{6DE87881-C630-4E36-BC09-C8C94DE6C2DE}.Debug|x86.ActiveCfg = Debug|Any CPU
		{6DE87881-C630-4E36-BC09-C8C94DE6C2DE}.Debug|x86.Build.0 = Debug|Any CPU
		{6DE87881-C630-4E36-BC09-C8C94DE6C2DE}.Release|Any CPU.ActiveCfg = Release|Any CPU
		{6DE87881-C630-4E36-BC09-C8C94DE6C2DE}.Release|Any CPU.Build.0 = Release|Any CPU
		{6DE87881-C630-4E36-BC09-C8C94DE6C2DE}.Release|x64.ActiveCfg = Release|Any CPU
		{6DE87881-C630-4E36-BC09-C8C94DE6C2DE}.Release|x64.Build.0 = Release|Any CPU
		{6DE87881-C630-4E36-BC09-C8C94DE6C2DE}.Release|x86.ActiveCfg = Release|Any CPU
		{6DE87881-C630-4E36-BC09-C8C94DE6C2DE}.Release|x86.Build.0 = Release|Any CPU
		{DB1C5CE3-845B-4F3C-B630-97766B4DE774}.Debug|Any CPU.ActiveCfg = Debug|Any CPU
		{DB1C5CE3-845B-4F3C-B630-97766B4DE774}.Debug|Any CPU.Build.0 = Debug|Any CPU
		{DB1C5CE3-845B-4F3C-B630-97766B4DE774}.Debug|x64.ActiveCfg = Debug|Any CPU
		{DB1C5CE3-845B-4F3C-B630-97766B4DE774}.Debug|x64.Build.0 = Debug|Any CPU
		{DB1C5CE3-845B-4F3C-B630-97766B4DE774}.Debug|x86.ActiveCfg = Debug|Any CPU
		{DB1C5CE3-845B-4F3C-B630-97766B4DE774}.Debug|x86.Build.0 = Debug|Any CPU
		{DB1C5CE3-845B-4F3C-B630-97766B4DE774}.Release|Any CPU.ActiveCfg = Release|Any CPU
		{DB1C5CE3-845B-4F3C-B630-97766B4DE774}.Release|Any CPU.Build.0 = Release|Any CPU
		{DB1C5CE3-845B-4F3C-B630-97766B4DE774}.Release|x64.ActiveCfg = Release|Any CPU
		{DB1C5CE3-845B-4F3C-B630-97766B4DE774}.Release|x64.Build.0 = Release|Any CPU
		{DB1C5CE3-845B-4F3C-B630-97766B4DE774}.Release|x86.ActiveCfg = Release|Any CPU
		{DB1C5CE3-845B-4F3C-B630-97766B4DE774}.Release|x86.Build.0 = Release|Any CPU
		{0D897E4A-BAFA-4AE8-A898-C03546F22A5E}.Debug|Any CPU.ActiveCfg = Debug|Any CPU
		{0D897E4A-BAFA-4AE8-A898-C03546F22A5E}.Debug|Any CPU.Build.0 = Debug|Any CPU
		{0D897E4A-BAFA-4AE8-A898-C03546F22A5E}.Debug|x64.ActiveCfg = Debug|Any CPU
		{0D897E4A-BAFA-4AE8-A898-C03546F22A5E}.Debug|x64.Build.0 = Debug|Any CPU
		{0D897E4A-BAFA-4AE8-A898-C03546F22A5E}.Debug|x86.ActiveCfg = Debug|Any CPU
		{0D897E4A-BAFA-4AE8-A898-C03546F22A5E}.Debug|x86.Build.0 = Debug|Any CPU
		{0D897E4A-BAFA-4AE8-A898-C03546F22A5E}.Release|Any CPU.ActiveCfg = Release|Any CPU
		{0D897E4A-BAFA-4AE8-A898-C03546F22A5E}.Release|Any CPU.Build.0 = Release|Any CPU
		{0D897E4A-BAFA-4AE8-A898-C03546F22A5E}.Release|x64.ActiveCfg = Release|Any CPU
		{0D897E4A-BAFA-4AE8-A898-C03546F22A5E}.Release|x64.Build.0 = Release|Any CPU
		{0D897E4A-BAFA-4AE8-A898-C03546F22A5E}.Release|x86.ActiveCfg = Release|Any CPU
		{0D897E4A-BAFA-4AE8-A898-C03546F22A5E}.Release|x86.Build.0 = Release|Any CPU
		{C1900C53-E360-434F-BA87-D8E48A1781F9}.Debug|Any CPU.ActiveCfg = Debug|Any CPU
		{C1900C53-E360-434F-BA87-D8E48A1781F9}.Debug|Any CPU.Build.0 = Debug|Any CPU
		{C1900C53-E360-434F-BA87-D8E48A1781F9}.Debug|x64.ActiveCfg = Debug|Any CPU
		{C1900C53-E360-434F-BA87-D8E48A1781F9}.Debug|x64.Build.0 = Debug|Any CPU
		{C1900C53-E360-434F-BA87-D8E48A1781F9}.Debug|x86.ActiveCfg = Debug|Any CPU
		{C1900C53-E360-434F-BA87-D8E48A1781F9}.Debug|x86.Build.0 = Debug|Any CPU
		{C1900C53-E360-434F-BA87-D8E48A1781F9}.Release|Any CPU.ActiveCfg = Release|Any CPU
		{C1900C53-E360-434F-BA87-D8E48A1781F9}.Release|Any CPU.Build.0 = Release|Any CPU
		{C1900C53-E360-434F-BA87-D8E48A1781F9}.Release|x64.ActiveCfg = Release|Any CPU
		{C1900C53-E360-434F-BA87-D8E48A1781F9}.Release|x64.Build.0 = Release|Any CPU
		{C1900C53-E360-434F-BA87-D8E48A1781F9}.Release|x86.ActiveCfg = Release|Any CPU
		{C1900C53-E360-434F-BA87-D8E48A1781F9}.Release|x86.Build.0 = Release|Any CPU
	EndGlobalSection
	GlobalSection(SolutionProperties) = preSolution
		HideSolutionNode = FALSE
	EndGlobalSection
EndGlobal
